
Microsoft Visual Studio Solution File, Format Version 12.00
Project("{FAE04EC0-301F-11D3-BF4B-00C04F79EFBC}") = "TowersOfHanoi", "TowersOfHanoi\TowersOfHanoi.csproj", "{BB02CC39-47CE-4808-BBA0-3276C1E668FA}"
EndProject
Project("{FAE04EC0-301F-11D3-BF4B-00C04F79EFBC}") = "TowersOfHanoi.Tests", "TowersOfHanoi.Tests\TowersOfHanoi.Tests.csproj", "{EE035A36-CBE0-49DE-B09D-39EB0232F842}"
EndProject
Global
	GlobalSection(SolutionConfigurationPlatforms) = preSolution
		Debug|Any CPU = Debug|Any CPU
		Release|Any CPU = Release|Any CPU
	EndGlobalSection
	GlobalSection(ProjectConfigurationPlatforms) = postSolution
		{BB02CC39-47CE-4808-BBA0-3276C1E668FA}.Debug|Any CPU.ActiveCfg = Debug|Any CPU
		{BB02CC39-47CE-4808-BBA0-3276C1E668FA}.Debug|Any CPU.Build.0 = Debug|Any CPU
		{BB02CC39-47CE-4808-BBA0-3276C1E668FA}.Release|Any CPU.ActiveCfg = Release|Any CPU
		{BB02CC39-47CE-4808-BBA0-3276C1E668FA}.Release|Any CPU.Build.0 = Release|Any CPU
		{EE035A36-CBE0-49DE-B09D-39EB0232F842}.Debug|Any CPU.ActiveCfg = Debug|Any CPU
		{EE035A36-CBE0-49DE-B09D-39EB0232F842}.Debug|Any CPU.Build.0 = Debug|Any CPU
		{EE035A36-CBE0-49DE-B09D-39EB0232F842}.Release|Any CPU.ActiveCfg = Release|Any CPU
		{EE035A36-CBE0-49DE-B09D-39EB0232F842}.Release|Any CPU.Build.0 = Release|Any CPU
	EndGlobalSection
EndGlobal
